
Microsoft Visual Studio Solution File, Format Version 12.00
Project("{FAE04EC0-301F-11D3-BF4B-00C04F79EFBC}") = "FalconProgrammer", "FalconProgrammer\FalconProgrammer.csproj", "{703E9A38-C1F0-49E7-B762-4355C7D5B4B8}"
EndProject
Global
	GlobalSection(SolutionConfigurationPlatforms) = preSolution
		Debug|Any CPU = Debug|Any CPU
		Release|Any CPU = Release|Any CPU
	EndGlobalSection
	GlobalSection(ProjectConfigurationPlatforms) = postSolution
		{703E9A38-C1F0-49E7-B762-4355C7D5B4B8}.Debug|Any CPU.ActiveCfg = Debug|Any CPU
		{703E9A38-C1F0-49E7-B762-4355C7D5B4B8}.Debug|Any CPU.Build.0 = Debug|Any CPU
		{703E9A38-C1F0-49E7-B762-4355C7D5B4B8}.Release|Any CPU.ActiveCfg = Release|Any CPU
		{703E9A38-C1F0-49E7-B762-4355C7D5B4B8}.Release|Any CPU.Build.0 = Release|Any CPU
	EndGlobalSection
EndGlobal
