
Microsoft Visual Studio Solution File, Format Version 12.00
# Visual Studio Version 17
VisualStudioVersion = 17.8.34330.188
MinimumVisualStudioVersion = 10.0.40219.1
Project("{9A19103F-16F7-4668-BE54-9A1E7A4F7556}") = "FalconProgrammer", "FalconProgrammer\FalconProgrammer.csproj", "{43DD6A16-0C58-4BB5-B12C-5A0AC2553E94}"
EndProject
Project("{FAE04EC0-301F-11D3-BF4B-00C04F79EFBC}") = "FalconProgrammer.ViewModel", "ViewModel\FalconProgrammer.ViewModel.csproj", "{9858DA19-74C6-4092-BA06-9A075EF1D24B}"
EndProject
Project("{FAE04EC0-301F-11D3-BF4B-00C04F79EFBC}") = "FalconProgrammer.Model", "Model\FalconProgrammer.Model.csproj", "{264BC491-226B-40E1-9A69-654EA38A35B0}"
EndProject
Project("{FAE04EC0-301F-11D3-BF4B-00C04F79EFBC}") = "FalconProgrammer.Tests", "Tests\FalconProgrammer.Tests.csproj", "{70B41F78-D2E7-4688-A6F0-85136F1E38B4}"
EndProject
Global
	GlobalSection(SolutionConfigurationPlatforms) = preSolution
		Debug|x64 = Debug|x64
		Release|x64 = Release|x64
	EndGlobalSection
	GlobalSection(ProjectConfigurationPlatforms) = postSolution
		{43DD6A16-0C58-4BB5-B12C-5A0AC2553E94}.Debug|x64.ActiveCfg = Debug|x64
		{43DD6A16-0C58-4BB5-B12C-5A0AC2553E94}.Debug|x64.Build.0 = Debug|x64
		{43DD6A16-0C58-4BB5-B12C-5A0AC2553E94}.Debug|x64.Deploy.0 = Debug|x64
		{43DD6A16-0C58-4BB5-B12C-5A0AC2553E94}.Release|x64.ActiveCfg = Release|x64
		{43DD6A16-0C58-4BB5-B12C-5A0AC2553E94}.Release|x64.Build.0 = Release|x64
		{43DD6A16-0C58-4BB5-B12C-5A0AC2553E94}.Release|x64.Deploy.0 = Release|x64
		{264BC491-226B-40E1-9A69-654EA38A35B0}.Debug|x64.ActiveCfg = Debug|x64
		{264BC491-226B-40E1-9A69-654EA38A35B0}.Debug|x64.Build.0 = Debug|x64
		{264BC491-226B-40E1-9A69-654EA38A35B0}.Release|x64.ActiveCfg = Release|x64
		{264BC491-226B-40E1-9A69-654EA38A35B0}.Release|x64.Build.0 = Release|x64
		{70B41F78-D2E7-4688-A6F0-85136F1E38B4}.Debug|x64.ActiveCfg = Debug|x64
		{70B41F78-D2E7-4688-A6F0-85136F1E38B4}.Debug|x64.Build.0 = Debug|x64
		{70B41F78-D2E7-4688-A6F0-85136F1E38B4}.Release|x64.ActiveCfg = Release|x64
		{70B41F78-D2E7-4688-A6F0-85136F1E38B4}.Release|x64.Build.0 = Release|x64
		{9858DA19-74C6-4092-BA06-9A075EF1D24B}.Debug|x64.ActiveCfg = Debug|x64
		{9858DA19-74C6-4092-BA06-9A075EF1D24B}.Debug|x64.Build.0 = Debug|x64
		{9858DA19-74C6-4092-BA06-9A075EF1D24B}.Release|x64.ActiveCfg = Release|x64
		{9858DA19-74C6-4092-BA06-9A075EF1D24B}.Release|x64.Build.0 = Release|x64
	EndGlobalSection
	GlobalSection(SolutionProperties) = preSolution
		HideSolutionNode = FALSE
	EndGlobalSection
EndGlobal
